
Microsoft Visual Studio Solution File, Format Version 12.00
# Visual Studio Version 17
VisualStudioVersion = 17.0.31903.59
MinimumVisualStudioVersion = 10.0.40219.1
Project("{FAE04EC0-301F-11D3-BF4B-00C04F79EFBC}") = "EventSourcingDemo.Tests", "EventSourcingDemo.Tests\EventSourcingDemo.Tests.csproj", "{60A0CAC4-E520-4ADE-988B-A21BFF98159F}"
EndProject
Project("{FAE04EC0-301F-11D3-BF4B-00C04F79EFBC}") = "EventSourcingDemo", "EventSourcingDemo\EventSourcingDemo.csproj", "{F923EC17-78AB-4424-825D-70F1AF1BB2FE}"
EndProject
Global
	GlobalSection(SolutionConfigurationPlatforms) = preSolution
		Debug|Any CPU = Debug|Any CPU
		Debug|x64 = Debug|x64
		Debug|x86 = Debug|x86
		Release|Any CPU = Release|Any CPU
		Release|x64 = Release|x64
		Release|x86 = Release|x86
	EndGlobalSection
	GlobalSection(ProjectConfigurationPlatforms) = postSolution
		{60A0CAC4-E520-4ADE-988B-A21BFF98159F}.Debug|Any CPU.ActiveCfg = Debug|Any CPU
		{60A0CAC4-E520-4ADE-988B-A21BFF98159F}.Debug|Any CPU.Build.0 = Debug|Any CPU
		{60A0CAC4-E520-4ADE-988B-A21BFF98159F}.Debug|x64.ActiveCfg = Debug|Any CPU
		{60A0CAC4-E520-4ADE-988B-A21BFF98159F}.Debug|x64.Build.0 = Debug|Any CPU
		{60A0CAC4-E520-4ADE-988B-A21BFF98159F}.Debug|x86.ActiveCfg = Debug|Any CPU
		{60A0CAC4-E520-4ADE-988B-A21BFF98159F}.Debug|x86.Build.0 = Debug|Any CPU
		{60A0CAC4-E520-4ADE-988B-A21BFF98159F}.Release|Any CPU.ActiveCfg = Release|Any CPU
		{60A0CAC4-E520-4ADE-988B-A21BFF98159F}.Release|Any CPU.Build.0 = Release|Any CPU
		{60A0CAC4-E520-4ADE-988B-A21BFF98159F}.Release|x64.ActiveCfg = Release|Any CPU
		{60A0CAC4-E520-4ADE-988B-A21BFF98159F}.Release|x64.Build.0 = Release|Any CPU
		{60A0CAC4-E520-4ADE-988B-A21BFF98159F}.Release|x86.ActiveCfg = Release|Any CPU
		{60A0CAC4-E520-4ADE-988B-A21BFF98159F}.Release|x86.Build.0 = Release|Any CPU
		{F923EC17-78AB-4424-825D-70F1AF1BB2FE}.Debug|Any CPU.ActiveCfg = Debug|Any CPU
		{F923EC17-78AB-4424-825D-70F1AF1BB2FE}.Debug|Any CPU.Build.0 = Debug|Any CPU
		{F923EC17-78AB-4424-825D-70F1AF1BB2FE}.Debug|x64.ActiveCfg = Debug|Any CPU
		{F923EC17-78AB-4424-825D-70F1AF1BB2FE}.Debug|x64.Build.0 = Debug|Any CPU
		{F923EC17-78AB-4424-825D-70F1AF1BB2FE}.Debug|x86.ActiveCfg = Debug|Any CPU
		{F923EC17-78AB-4424-825D-70F1AF1BB2FE}.Debug|x86.Build.0 = Debug|Any CPU
		{F923EC17-78AB-4424-825D-70F1AF1BB2FE}.Release|Any CPU.ActiveCfg = Release|Any CPU
		{F923EC17-78AB-4424-825D-70F1AF1BB2FE}.Release|Any CPU.Build.0 = Release|Any CPU
		{F923EC17-78AB-4424-825D-70F1AF1BB2FE}.Release|x64.ActiveCfg = Release|Any CPU
		{F923EC17-78AB-4424-825D-70F1AF1BB2FE}.Release|x64.Build.0 = Release|Any CPU
		{F923EC17-78AB-4424-825D-70F1AF1BB2FE}.Release|x86.ActiveCfg = Release|Any CPU
		{F923EC17-78AB-4424-825D-70F1AF1BB2FE}.Release|x86.Build.0 = Release|Any CPU
	EndGlobalSection
	GlobalSection(SolutionProperties) = preSolution
		HideSolutionNode = FALSE
	EndGlobalSection
EndGlobal
